
Microsoft Visual Studio Solution File, Format Version 12.00
# Visual Studio Version 16
VisualStudioVersion = 25.0.1705.4
MinimumVisualStudioVersion = 10.0.40219.1
Project("{FAE04EC0-301F-11D3-BF4B-00C04F79EFBC}") = "Lct2023.Android", "Lct2023.Android\Lct2023.Android.csproj", "{6BC4B6E9-9E41-4CCD-A1E6-34FDC343D495}"
EndProject
Project("{FAE04EC0-301F-11D3-BF4B-00C04F79EFBC}") = "Lct2023", "Lct2023\Lct2023.csproj", "{4D9962AF-1081-4571-924E-3551F161B68D}"
EndProject
Project("{FAE04EC0-301F-11D3-BF4B-00C04F79EFBC}") = "Lct2023.Business", "Lct2023.Business\Lct2023.Business.csproj", "{97774643-AB9B-4519-AF85-17FF7832B3A9}"
EndProject
Project("{FAE04EC0-301F-11D3-BF4B-00C04F79EFBC}") = "DataModel", "DataModel\DataModel.csproj", "{85CC0499-110C-4E6E-949B-7E61340CB5E9}"
EndProject
Project("{FAE04EC0-301F-11D3-BF4B-00C04F79EFBC}") = "Lct2023.Commons", "Lct2023.Commons\Lct2023.Commons.csproj", "{E4D05B33-07BC-4482-9F5B-33D28134555C}"
EndProject
Global
	GlobalSection(SolutionConfigurationPlatforms) = preSolution
		Debug|Any CPU = Debug|Any CPU
		Release|Any CPU = Release|Any CPU
	EndGlobalSection
	GlobalSection(ProjectConfigurationPlatforms) = postSolution
		{6BC4B6E9-9E41-4CCD-A1E6-34FDC343D495}.Debug|Any CPU.ActiveCfg = Debug|Any CPU
		{6BC4B6E9-9E41-4CCD-A1E6-34FDC343D495}.Debug|Any CPU.Build.0 = Debug|Any CPU
		{6BC4B6E9-9E41-4CCD-A1E6-34FDC343D495}.Release|Any CPU.ActiveCfg = Release|Any CPU
		{6BC4B6E9-9E41-4CCD-A1E6-34FDC343D495}.Release|Any CPU.Build.0 = Release|Any CPU
		{4D9962AF-1081-4571-924E-3551F161B68D}.Debug|Any CPU.ActiveCfg = Debug|Any CPU
		{4D9962AF-1081-4571-924E-3551F161B68D}.Debug|Any CPU.Build.0 = Debug|Any CPU
		{4D9962AF-1081-4571-924E-3551F161B68D}.Release|Any CPU.ActiveCfg = Release|Any CPU
		{4D9962AF-1081-4571-924E-3551F161B68D}.Release|Any CPU.Build.0 = Release|Any CPU
		{97774643-AB9B-4519-AF85-17FF7832B3A9}.Debug|Any CPU.ActiveCfg = Debug|Any CPU
		{97774643-AB9B-4519-AF85-17FF7832B3A9}.Debug|Any CPU.Build.0 = Debug|Any CPU
		{97774643-AB9B-4519-AF85-17FF7832B3A9}.Release|Any CPU.ActiveCfg = Release|Any CPU
		{97774643-AB9B-4519-AF85-17FF7832B3A9}.Release|Any CPU.Build.0 = Release|Any CPU
		{85CC0499-110C-4E6E-949B-7E61340CB5E9}.Debug|Any CPU.ActiveCfg = Debug|Any CPU
		{85CC0499-110C-4E6E-949B-7E61340CB5E9}.Debug|Any CPU.Build.0 = Debug|Any CPU
		{85CC0499-110C-4E6E-949B-7E61340CB5E9}.Release|Any CPU.ActiveCfg = Release|Any CPU
		{85CC0499-110C-4E6E-949B-7E61340CB5E9}.Release|Any CPU.Build.0 = Release|Any CPU
		{E4D05B33-07BC-4482-9F5B-33D28134555C}.Debug|Any CPU.ActiveCfg = Debug|Any CPU
		{E4D05B33-07BC-4482-9F5B-33D28134555C}.Debug|Any CPU.Build.0 = Debug|Any CPU
		{E4D05B33-07BC-4482-9F5B-33D28134555C}.Release|Any CPU.ActiveCfg = Release|Any CPU
		{E4D05B33-07BC-4482-9F5B-33D28134555C}.Release|Any CPU.Build.0 = Release|Any CPU
	EndGlobalSection
	GlobalSection(SolutionProperties) = preSolution
		HideSolutionNode = FALSE
	EndGlobalSection
	GlobalSection(ExtensibilityGlobals) = postSolution
		SolutionGuid = {CECF0255-E761-43D8-9F0E-984D5AE1BDC6}
	EndGlobalSection
EndGlobal
